github.com/andybalholm/brotli v1.2.3 h1:8H1qwOkl2LPfjf3YezB90JnCliZb6SInJ/OJkEbA5NQ=
github.com/andybalholm/brotli v1.2.3/go.mod h1:rzTDkvFWvIrjDXZHkuS16NPggd91W3kUSvPlQ1pLaKY=
github.com/apache/arrow-go/v18 v18.8.0 h1:BLOzbPv7bxMPgXPacAg6HQjnxupYsZzC4tf+FkqPU/M=
github.com/apache/arrow-go/v18 v18.8.0/go.mod h1:uJCFfCwq0KsxCmsCfQg4ft+LsW+iHYzAXiSDh5ug/8U=
github.com/apache/thrift v0.24.0 h1:zy31L1a49QTNB2bG1BBfMXol3yJrTH975G3pPubQVLQ=
github.com/apache/thrift v0.24.0/go.mod h1:zPt6WxgvTOM6hF92y8C+MkEM5LMxZuk4JcQOiU4Esvs=
github.com/basgys/goxml2json v1.1.0 h1:4ln5i4rseYfXNd86lGEB+Vi652IsIXIvggKM/BhUKVw=
github.com/basgys/goxml2json v1.1.0/go.mod h1:wH7a5Np/Q4QoECFIU8zTQlZwZkrilY0itPfecMw41Dw=
github.com/beorn7/perks v1.0.1 h1:VlbKKnNfV8bJzeqoa4cOKqO6bYr3WgKZxO8Z16+hsOM=
github.com/beorn7/perks v1.0.1/go.mod h1:G2ZrVWU2WbWT9wwq4/hrbKbnv/1ERSJQ0ibhJ6rlkpw=
github.com/bitly/go-simplejson v0.5.1 h1:xgwPbetQScXt1gh9BmoJ6j9JMr3TElvuIyjR8pgdoow=
github.com/bitly/go-simplejson v0.5.1/go.mod h1:YOPVLzCfwK14b4Sff3oP1AmGhI9T9Vsg84etUnlyp+Q=
github.com/cenkalti/backoff/v5 v5.0.3 h1:ZN+IMa753KfX5hd8vVaMixjnqRZ3y8CuJKRKj1xcsSM=
github.com/cenkalti/backoff/v5 v5.0.3/go.mod h1:rkhZdG3JZukswDf7f0cwqPNk4K0sa+F97BxZthm/crw=
github.com/cespare/xxhash/v2 v2.3.0 h1:UL815xU9SqsFlibzuggzjXhog7bL6oX9BbNZnL2UFvs=
github.com/cespare/xxhash/v2 v2.3.0/go.mod h1:VGX0DQ3Q6kWi7AoAeZDth3/j3BFtOZR5XLFGgcrjCOs=
github.com/cheekybits/genny v1.0.0 h1:uGGa4nei+j20rOSeDeP5Of12XVm7TGUd4dJA9RDitfE=
github.com/cheekybits/genny v1.0.0/go.mod h1:+tQajlRqAUrPI7DOSpB0XAqZYtQakVtB7wXkRAgjxjQ=
github.com/clipperhouse/displaywidth v0.11.0 h1:lBc6kY44VFw+TDx4I8opi/EtL9m20WSEFgwIwO+UVM8=
github.com/clipperhouse/displaywidth v0.11.0/go.mod h1:bkrFNkf81G8HyVqmKGxsPufD3JhNl3dSqnGhOoSD/o0=
github.com/clipperhouse/uax29/v2 v2.7.0 h1:+gs4oBZ2gPfVrKPthwbMzWZDaAFPGYK72F0NJv2v7Vk=
github.com/clipperhouse/uax29/v2 v2.7.0/go.mod h1:EFJ2TJMRUaplDxHKj1qAEhCtQPW2tJSwu5BF98AuoVM=
github.com/davecgh/go-spew v1.1.0/go.mod h1:J7Y8YcW2NihsgmVo/mv3lAwl/skON4iLHjSsI+c5H38=
github.com/davecgh/go-spew v1.1.1/go.mod h1:J7Y8YcW2NihsgmVo/mv3lAwl/skON4iLHjSsI+c5H38=
github.com/fatih/color v1.19.0 h1:Zp3PiM21/9Ld6FzSKyL5c/BULoe/ONr9KlbYVOfG8+w=
github.com/fatih/color v1.19.0/go.mod h1:zNk67I0ZUT1bEGsSGyCZYZNrHuTkJJB+r6Q9VuMi0LE=
github.com/go-logr/logr v1.4.4 h1:tG4xh9yMsRCAiodLVTxyrkzSZ9+o0L1Kg/+cPVcbP/8=
github.com/go-logr/logr v1.4.4/go.mod h1:9T104GzyrTigFIr8wt5mBrctHMim0Nb2HLGrmQ40KvY=
github.com/go-logr/stdr v1.2.2 h1:hSWxHoqTgW2S2qGc0LTAI563KZ5YKYRhT3MFKZMbjag=
github.com/go-logr/stdr v1.2.2/go.mod h1:mMo/vtBO5dYbehREoey6XUKy/eSumjCCveDpRre4VKE=
github.com/goccy/go-json v0.11.2 h1:jdZv93Tt4ioR8yW1CoNsvSxrcZlCXAUU1aZXN7gpXUA=
github.com/goccy/go-json v0.11.2/go.mod h1:3NdmfEkZlB7YI5UFw/qdFKq8XN1aiWR0YyRPWZNQltY=
github.com/gogo/googleapis v1.4.1 h1:1Yx4Myt7BxzvUr5ldGSbwYiZG6t9wGBZ+8/fX3Wvtq0=
github.com/gogo/googleapis v1.4.1/go.mod h1:2lpHqI5OcWCtVElxXnPt+s8oJvMpySlOyM6xDCrzib4=
github.com/gogo/protobuf v1.3.2 h1:Ov1cvc58UF3b5XjBnZv7+opcTcQFZebYjWzi34vdm4Q=
github.com/gogo/protobuf v1.3.2/go.mod h1:P1XiOD3dCwIKUDQYPy72D8LYyHL2YPYrpS2s69NZV8Q=
github.com/golang/protobuf v1.5.4 h1:i7eJL8qZTpSEXOPTxNKhASYpMn+8e5Q6AdndVa1dWek=
github.com/golang/protobuf v1.5.4/go.mod h1:lnTiLA8Wa4RWRcIUkrtSVa5nRhsEGBg48fD6rSs7xps=
github.com/google/flatbuffers v25.12.19+incompatible h1:haMV2JRRJCe1998HeW/p0X9UaMTK6SDo0ffLn2+DbLs=
github.com/google/flatbuffers v25.12.19+incompatible/go.mod h1:1AeVuKshWv4vARoZatz6mlQ0JxURH0Kv5+zNeJKJCa8=
github.com/google/go-cmp v0.7.0 h1:wk8382ETsv4JYUZwIsn6YpYiWiBsYLSJiTsyBybVuN8=
github.com/google/go-cmp v0.7.0/go.mod h1:pXiqmnSA92OHEEa9HXL2W4E7lf9JzCmGVUdgjX3N/iU=
github.com/google/gofuzz v1.0.0/go.mod h1:dBl0BpW6vV/+mYPU4Po3pmUjxk6FQPldtuIdl/M65Eg=
github.com/google/uuid v1.6.0 h1:NIvaJDMOsjHA8n1jAhLSgzrAzy1Hgr+hNrb57e+94F0=
github.com/google/uuid v1.6.0/go.mod h1:TIyPZe4MgqvfeYDBFedMoGGpEw/LqOeaOT+nhxU+yHo=
github.com/grafana/grafana-plugin-sdk-go v0.297.0 h1:uZlnm720OGH0VaaF3NuuOaJDrxTYx4qu3UHkzKZ+VPM=
github.com/grafana/grafana-plugin-sdk-go v0.297.0/go.mod h1:OpS1VRORuEz7nFM+bZY+G/pKR1SO8rLARecM+7QaXGE=
github.com/grafana/infinity-libs/lib/go/gframer v1.1.13 h1:dNW3ZpiegDJuy7e031/wGZGxSEMUSsER0HusIWZJAi4=
github.com/grafana/infinity-libs/lib/go/gframer v1.1.13/go.mod h1:6tcbi7dzpUp0C9bxQpAmpcDeD7eBn9AqR+qSPeeCzN0=
github.com/grafana/infinity-libs/lib/go/jsonframer v1.3.0 h1:lCotxcelY5n4B5XL3nLiTCYarJEplN7/nklCtiCB0yI=
github.com/grafana/infinity-libs/lib/go/jsonframer v1.3.0/go.mod h1:dXmNCtumlfpi1JFEee3N/gNp9R89+IzjtLW2xHAX7VI=
github.com/grafana/infinity-libs/lib/go/utils v1.0.2 h1:meWUDdca0kqzMeIslKDp95X3X4a5jygtBT7iIPn/Qxc=
github.com/grafana/infinity-libs/lib/go/utils v1.0.2/go.mod h1:pShxjJQBZCEglVQunyhO1uTIdTHsSgRnfy/pWOye5tM=
github.com/grafana/otel-profiling-go v0.6.0 h1:W7lOZaJj4IJISXMcM1UBk3fJF3tzF2OD6MJBJaQp1H8=
github.com/grafana/otel-profiling-go v0.6.0/go.mod h1:cqLIDgNXlnzknJ0WLiEe+JPjZk2MZ4ftMdqRJRWj1ZM=
github.com/grafana/pyroscope-go/godeltaprof v0.1.12 h1:X6OemT2WcLtxdmNukEQuIp0c+efWVI/tBTd0oeWeDHI=
github.com/grafana/pyroscope-go/godeltaprof v0.1.12/go.mod h1:aNSXN1bn1VHAd06EiepmwhAabHsMc67gx8itecdF2c8=
github.com/grpc-ecosystem/go-grpc-middleware/providers/prometheus v1.1.0 h1:QGLs/O40yoNK9vmy4rhUGBVyMf1lISBGtXRpsu/Qu/o=
github.com/grpc-ecosystem/go-grpc-middleware/providers/prometheus v1.1.0/go.mod h1:hM2alZsMUni80N33RBe6J0e423LB+odMj7d3EMP9l20=
github.com/grpc-ecosystem/go-grpc-middleware/v2 v2.3.4 h1:9ZJYjPEJpcleIKcqysXOo14NLQYwu23fzmKRFpIjPjc=
github.com/grpc-ecosystem/go-grpc-middleware/v2 v2.3.4/go.mod h1:0xydIeg2omQ9DH6zYMP24Kk57793rnLUvP8fwdbFvz8=
github.com/grpc-ecosystem/grpc-gateway/v2 v2.31.0 h1:Bd7KaOxzULLxtZ/K5s1aLbWhR0+5RToO65TXHsf3bqQ=
github.com/grpc-ecosystem/grpc-gateway/v2 v2.31.0/go.mod h1:nN7ts3dFXKtCZWc//yfkpcQNKJABg16/uDVAZpLDalo=
github.com/hashicorp/go-hclog v1.6.3 h1:Qr2kF+eVWjTiYmU7Y31tYlP1h0q/X3Nl3tPGdaB11/k=
github.com/hashicorp/go-hclog v1.6.3/go.mod h1:W4Qnvbt70Wk/zYJryRzDRU/4r0kIg0PVHBcfoyhpF5M=
github.com/hashicorp/go-plugin v1.8.0 h1:ie8S6RRY8RvB2usYZv+AAZ/wBvx2AU5p5QeP5j/FORs=
github.com/hashicorp/go-plugin v1.8.0/go.mod h1:BExt6KEaIYx804z8k4gRzRLEvxKVb+kn0NMcihqOqb8=
github.com/hashicorp/yamux v0.1.2 h1:XtB8kyFOyHXYVFnwT5C3+Bdo8gArse7j2AQ0DA0Uey8=
github.com/hashicorp/yamux v0.1.2/go.mod h1:C+zze2n6e/7wshOZep2A70/aQU6QBRWJO/G6FT1wIns=
github.com/itchyny/gojq v0.12.19 h1:ttXA0XCLEMoaLOz5lSeFOZ6u6Q3QxmG46vfgI4O0DEs=
github.com/itchyny/gojq v0.12.19/go.mod h1:5galtVPDywX8SPSOrqjGxkBeDhSxEW1gSxoy7tn1iZY=
github.com/itchyny/timefmt-go v0.1.9 h1:J4j1qMqZbg5jycwT6zIKfRgZ9aqqMxqanaI6Rr9Ezs8=
github.com/itchyny/timefmt-go v0.1.9/go.mod h1:5E46Q+zj7vbTgWY8o5YkMeYb4I6GeWLFnetPy5oBrAI=
github.com/jaegertracing/jaeger-idl v0.13.2 h1:d1PYb9PBlFH9RHBmtthEKwGawGnJ31NlGSbD9+bZNW8=
github.com/jaegertracing/jaeger-idl v0.13.2/go.mod h1:XGC1/asZXDZTJdN5ZUooZROTlAc6tsbW6sxtF0PNODk=
github.com/json-iterator/go v1.1.12 h1:PV8peI4a0ysnczrg+LtxykD8LfKY9ML6u2jnxaEnrnM=
github.com/json-iterator/go v1.1.12/go.mod h1:e30LSqwooZae/UwlEbR2852Gd8hjQvJoHmT4TnhNGBo=
github.com/klauspost/compress v1.20.1 h1:T7kKElXUMXrUJ2E9QhQhxFtcK5rPyLdsGZvdbLMPdiQ=
github.com/klauspost/compress v1.20.1/go.mod h1:LUdAzn7YLVvxLpc7y3V1m40wESHTgc1422pwwBSKYuI=
github.com/klauspost/cpuid/v2 v2.4.0 h1:S6Hrbc7+ywsr0r+RLapfGBHfyefhCTwEh3A0tV913Dw=
github.com/klauspost/cpuid/v2 v2.4.0/go.mod h1:19jmZ9mjzoF//ddRSUsv0zfBTJWh3QJh9FNxZTMrGxU=
github.com/mattetti/filebuffer v1.0.1 h1:gG7pyfnSIZCxdoKq+cPa8T0hhYtD9NxCdI4D7PTjRLM=
github.com/mattetti/filebuffer v1.0.1/go.mod h1:YdMURNDOttIiruleeVr6f56OrMc+MydEnTcXwtkxNVs=
github.com/mattn/go-colorable v0.1.16 h1:+2YjeAe7xP1OQbZW1jERPWWCDLlNqFNCvjiqGiAt84A=
github.com/mattn/go-colorable v0.1.16/go.mod h1:6LmQG8QLFO4G5z1gPvYEzlUgJ2wF+stgPZH1UqBm1s8=
github.com/mattn/go-isatty v0.0.24 h1:tGZZoVgT/KiqK1c8ocVLeDS8BSWMRd47J3Lbz7vsReI=
github.com/mattn/go-isatty v0.0.24/go.mod h1:nMCL3Zebbrt45jsMDgnfIwz6ydEQApk5oEI3HqDio6A=
github.com/mattn/go-runewidth v0.0.31 h1:1oCV4ReTlosDBc6rYRw5cL8S/4y8iv5oRl4SJ5IBgwo=
github.com/mattn/go-runewidth v0.0.31/go.mod h1:3qAiGCV4Koz/yuveO58qUefmUTRm8r0IGEXZ9jeHp/8=
github.com/modern-go/concurrent v0.0.0-20180228061459-e0a39a4cb421/go.mod h1:6dJC0mAP4ikYIbvyc7fijjWJddQyLn8Ig3JB5CqoB9Q=
github.com/modern-go/concurrent v0.0.0-20180306012644-bacd9c7ef1dd h1:TRLaZ9cD/w8PVh93nsPXa1VrQ6jlwL5oN8l14QlcNfg=
github.com/modern-go/concurrent v0.0.0-20180306012644-bacd9c7ef1dd/go.mod h1:6dJC0mAP4ikYIbvyc7fijjWJddQyLn8Ig3JB5CqoB9Q=
github.com/modern-go/reflect2 v1.0.2 h1:xBagoLtFs94CBntxluKeaWgTMpvLxC4ur3nMaC9Gz0M=
github.com/modern-go/reflect2 v1.0.2/go.mod h1:yWuevngMOJpCy52FWWMvUC8ws7m/LJsjYzDa0/r8luk=
github.com/munnerz/goautoneg v0.0.0-20191010083416-a7dc8b61c822 h1:C3w9PqII01/Oq1c1nUAm88MOHcQC9l5mIlSMApZMrHA=
github.com/munnerz/goautoneg v0.0.0-20191010083416-a7dc8b61c822/go.mod h1:+n7T8mK8HuQTcFwEeznm/DIxMOiR9yIdICNftLE1DvQ=
github.com/ncruces/go-strftime v1.1.0 h1:vtPmPWMkb539RGV9WpWT9EwJGvrOCKvMNI4obWL47Hk=
github.com/ncruces/go-strftime v1.1.0/go.mod h1:yVaq7iwCN09vHRrKBrrflXT0M9tTMG2KmZ9Fj7xeG/g=
github.com/oklog/run v1.2.0 h1:O8x3yXwah4A73hJdlrwo/2X6J62gE5qTMusH0dvz60E=
github.com/oklog/run v1.2.0/go.mod h1:mgDbKRSwPhJfesJ4PntqFUbKQRZ50NgmZTSPlFA0YFk=
github.com/olekukonko/cat v0.0.0-20250911104152-50322a0618f6 h1:zrbMGy9YXpIeTnGj4EljqMiZsIcE09mmF8XsD5AYOJc=
github.com/olekukonko/cat v0.0.0-20250911104152-50322a0618f6/go.mod h1:rEKTHC9roVVicUIfZK7DYrdIoM0EOr8mK1Hj5s3JjH0=
github.com/olekukonko/errors v1.3.0 h1:teJvgLGUEqMzBUms+Dj3/3szNqCG/Jdw9iDbum8fR6U=
github.com/olekukonko/errors v1.3.0/go.mod h1:ppzxA5jBKcO1vIpCXQ9ZqgDh8iwODz6OXIGKU8r5m4Y=
github.com/olekukonko/ll v0.1.9 h1:7twe+xnE6CSlfOlvGj0Finwnvr3CgWt25W33yuWNI6k=
github.com/olekukonko/ll v0.1.9/go.mod h1:RPRC6UcscfFZgjo1nulkfMH5IM0QAYim0LfnMvUuozw=
github.com/olekukonko/tablewriter v1.1.5 h1:4LoZSfMySpMQY3PT8RWJsJeuEuMIoo9xGRgvmqjg6IQ=
github.com/olekukonko/tablewriter v1.1.5/go.mod h1:+kedxuyTtgoZLwif3P1Em4hARJs+mVnzKxmsCL/C5RY=
github.com/pierrec/lz4/v4 v4.1.33 h1:GjG1TJ1V4IzKP8L96muuuDNpTwd7D+l2ccXrjAbe014=
github.com/pierrec/lz4/v4 v4.1.33/go.mod h1:7SE9MC2STkNtL4PIwGhjmyVwvILaGI9/COYQNBhKM/c=
github.com/pmezard/go-difflib v1.0.0/go.mod h1:iKH77koFhYxTK1pcRnkKkqfTogsbg7gZNVY4sRDYZ/4=
github.com/prometheus/client_golang v1.24.1 h1:JnJkREXzWxUdCuPFpIWZiPispT9xVV59uiuyR2bPlnU=
github.com/prometheus/client_golang v1.24.1/go.mod h1:F+oSRECHg4sse5ucfYpYDeIv/hu68Zo0uoHKetWnzcE=
github.com/prometheus/client_model v0.6.3 h1:O0jaTVAYNxTHYInEPFJt5I3+sN8zqBtVMPTB1qyxiEo=
github.com/prometheus/client_model v0.6.3/go.mod h1:gpN5P9S7Rr6Yr92PiQ+Ixvhf6JZEkF1dnxsYL2aPBEM=
github.com/prometheus/common v0.72.0 h1:tAYsE+sPJxIncDAobm4H5aQjmox9ZxEIIqPbiffa8G4=
github.com/prometheus/common v0.72.0/go.mod h1:77NWqAQ2tXT7BIK40qjJdw5Acrsrg1TlHAnsQi3i6mk=
github.com/prometheus/procfs v0.22.0 h1:6q9+/JL9IKAPbCmBrv9n5O5Ty3NKnciV5X7YGw0oics=
github.com/prometheus/procfs v0.22.0/go.mod h1:CvmFr/GVhIjIvWJZW3tgkODBQMRIf0EyWMQLHCHab58=
github.com/shopspring/decimal v1.5.0 h1:HxSWk31RmJv0EyY4oLiGQB9u7WPludUwPBdvQZnYFPc=
github.com/shopspring/decimal v1.5.0/go.mod h1:gawqmDU56v4yIKSwfBSFip1HdCCXN8/+DMd9qYNcwME=
github.com/stretchr/objx v0.1.0/go.mod h1:HFkY916IF+rwdDfMAkV7OtwuqBVzrE8GR6GFx+wExME=
github.com/stretchr/testify v1.3.0/go.mod h1:M5WIy9Dh21IEIfnGCwXGc5bZfKNJtfHm1UVUgZn+9EI=
github.com/stretchr/testify v1.12.1 h1:EuwCh5fleGS7H32xRwO3wRGT7DxrDhLAT6FF8MpWDWE=
github.com/stretchr/testify v1.12.1/go.mod h1:MDEgiDPPsNp5cuIrHPPCyornHKgEVbtFUmoNlxoYthg=
github.com/tidwall/gjson v1.20.0 h1:+agJ3rEzKcCXKDKo0ml26UROcpcAlnZyjq+TjbY5Fto=
github.com/tidwall/gjson v1.20.0/go.mod h1:V37/opeE/JbLUOfH0QTXiNez2l0RUjYUhpT4szFQAfc=
github.com/tidwall/match v1.2.0 h1:0pt8FlkOwjN2fPt4bIl4BoNxb98gGHN2ObFEDkrfZnM=
github.com/tidwall/match v1.2.0/go.mod h1:eRSPERbgtNPcGhD8UCthc6PmLEQXEWd3PRB5JTxsfmM=
github.com/tidwall/pretty v1.2.2 h1:dz1jrRuE7or/74V490B4/GP1pZm5WKlt2bgCP5A83w8=
github.com/tidwall/pretty v1.2.2/go.mod h1:ITEVvHYasfjBbM0u2Pg8T2nJnzm8xPwvNhhsoaGGjNU=
github.com/xiatechs/jsonata-go v1.8.8 h1:YTeJU8rG4oPU2Xn2z8bCO6w8Tg9ik9JiSambGbQlInA=
github.com/xiatechs/jsonata-go v1.8.8/go.mod h1:+9C5kah6Dbq0+ECyywWFxxCm7gjSBbHPvc1rLmkWOVE=
github.com/zeebo/assert v1.3.0 h1:g7C04CbJuIDKNPFHmsk4hwZDO5O+kntRxzaUoNXj+IQ=
github.com/zeebo/assert v1.3.0/go.mod h1:Pq9JiuJQpG8JLJdtkwrJESF0Foym2/D9XMU5ciN/wJ0=
github.com/zeebo/xxh3 v1.1.0 h1:s7DLGDK45Dyfg7++yxI0khrfwq9661w9EN78eP/UZVs=
github.com/zeebo/xxh3 v1.1.0/go.mod h1:IisAie1LELR4xhVinxWS5+zf1lA4p0MW4T+w+W07F5s=
go.opentelemetry.io/auto/sdk v1.2.1 h1:jXsnJ4Lmnqd11kwkBV2LgLoFMZKizbCi5fNZ/ipaZ64=
go.opentelemetry.io/auto/sdk v1.2.1/go.mod h1:KRTj+aOaElaLi+wW1kO/DZRXwkF4C5xPbEe3ZiIhN7Y=
go.opentelemetry.io/contrib/instrumentation/google.golang.org/grpc/otelgrpc v0.72.0 h1:Tq+E65HaNbZTeqcLw6QUhsV+/EIWdkfUH2CQzcrlE5M=
go.opentelemetry.io/contrib/instrumentation/google.golang.org/grpc/otelgrpc v0.72.0/go.mod h1:A+EVhDakAj1waJBPhmTszZaSr08ww8MRRKy1nB1rqck=
go.opentelemetry.io/contrib/instrumentation/net/http/httptrace/otelhttptrace v0.72.0 h1:jva1c3z2ZFEQ5sTvnLG2tBALNehO+QvdXKQii6eKRoo=
go.opentelemetry.io/contrib/instrumentation/net/http/httptrace/otelhttptrace v0.72.0/go.mod h1:3pjFS5EnOVfjvYO6/NMdtJFHFQR+8uiGtrZ965nZP4w=
go.opentelemetry.io/contrib/propagators/jaeger v1.47.0 h1:2lDw6AKPV33/7Qw9oN5YdxuSJIlUz7q3tkfSlJX5rh0=
go.opentelemetry.io/contrib/propagators/jaeger v1.47.0/go.mod h1:y1ORt/QAquBL+O3I06KE7iMENp9p05iBqaV4xNF3J7k=
go.opentelemetry.io/contrib/samplers/jaegerremote v0.38.0 h1:8aH+9AGEhOpbDKahZkwWcxiwoMYH+rlRRz5nD33ttrI=
go.opentelemetry.io/contrib/samplers/jaegerremote v0.38.0/go.mod h1:ZiDcJub/DU2OwJWQrGYhVB9rz6QlGgq4RYgmargUSwY=
go.opentelemetry.io/otel v1.47.0 h1:j7ALJ/zgkS7Z6aeJW09p8VC9804bC+PpeTfCD4XPnOM=
go.opentelemetry.io/otel v1.47.0/go.mod h1:8wS9O2qfXrYrzp6hIF/HOYJJf/wIhFPhR2xLuP+iXQU=
go.opentelemetry.io/otel/exporters/otlp/otlptrace v1.47.0 h1:julhjPeUH/q/7hinbSdDdqt5h7Zw9YWmRlWRhI0jd54=
go.opentelemetry.io/otel/exporters/otlp/otlptrace v1.47.0/go.mod h1:Ao2mz688LH/tFf0yMAenidq6k2YNSx6SIY2q6jDACck=
go.opentelemetry.io/otel/exporters/otlp/otlptrace/otlptracegrpc v1.47.0 h1:UFpxOpYPmMNUtOWhdb+nC1WELIgVf8z9higURrbzYU4=
go.opentelemetry.io/otel/exporters/otlp/otlptrace/otlptracegrpc v1.47.0/go.mod h1:YBGjxe3lt0jtXoEXxGrGhv/jM7oUBUDVK7zhAvNyEjc=
go.opentelemetry.io/otel/log v1.47.0 h1:cOTS1CcLbSQeZKanGJ+0JpF/+t4PELi3O3bbl2lqCcI=
go.opentelemetry.io/otel/log v1.47.0/go.mod h1:9byitSQ5pLC6PpqwGXjqdMKya6ZTswHRZh2vvXT33nw=
go.opentelemetry.io/otel/metric v1.47.0 h1:4PptaldXx3Eat1XjMZ68pPJEs5wrhlemctZE9a3UdWY=
go.opentelemetry.io/otel/metric v1.47.0/go.mod h1:ADGSXxRrXM6bjbvLo535EstVFlPpPYZm4LBKixjDHwU=
go.opentelemetry.io/otel/sdk v1.47.0 h1:zWXEr4j2lFefG87TU6Yg8a7ngfohIKFZHKp0Hf5hC6I=
go.opentelemetry.io/otel/sdk v1.47.0/go.mod h1:VUc24kiOeoGsxG8G9ULx3fWKvB7jMhnGE8Oi607lgR0=
go.opentelemetry.io/otel/trace v1.47.0 h1:JOjX/Oci8K94QHddo+bbfya/Ai/nf6/dt9ZfrFNWSrM=
go.opentelemetry.io/otel/trace v1.47.0/go.mod h1:jNaSLa2PZEYFG6fRjJABAu+bw4FS08uDmPg28lTghu0=
go.opentelemetry.io/proto/otlp v1.11.1 h1:SCrPqH9NE5CmBrOqpjNCiT0X5mGwMyGERXdogfR7Yjw=
go.opentelemetry.io/proto/otlp v1.11.1/go.mod h1:wq8W4aSf6bOy8RZyESOeQFr9Pu7wydWX/TY4sgvrTPg=
go.yaml.in/yaml/v3 v3.0.5 h1:N6y/pJk8buWs9NY5ERU2HSMfm+IuD/OtfdAnq6kESPw=
go.yaml.in/yaml/v3 v3.0.5/go.mod h1:HVTZu1O7/Vkt2N+BFy8Zza+lnLsABggaTM2ZpNIGuKg=
golang.org/x/exp v0.0.0-20260908205506-85c1c2202aba h1:Ck8QetSgk912qxWLMCKxd0in+aiyBQyDSMae6e/xmpU=
golang.org/x/exp v0.0.0-20260908205506-85c1c2202aba/go.mod h1:50RgIsmK7OwqzTTeqcSXQW8SswW0o8fRcDxmqGluJ8E=
golang.org/x/net v0.60.0 h1:79p50tfZlm0J9YfoDsSi639qSXNGVwEzOPLCxM2FsYU=
golang.org/x/net v0.60.0/go.mod h1:2DA/G1UfVbCpQPeWTmMPGY7Cs2PkBkwu743bVX5PIVg=
golang.org/x/sys v0.49.0 h1:XbzkgYJHdqh/8m2Uu0W/dQv8nktxx4BFHp1M0gROTXA=
golang.org/x/sys v0.49.0/go.mod h1:hNLxWAXmnKAxqDtdwIYC4bM9oQPEecfsnNMuSxOs3og=
golang.org/x/text v0.42.0 h1:JbOZXgfeCPU9gacVtYliJqOhD+zhrEqK4LfdpmlUZqI=
golang.org/x/text v0.42.0/go.mod h1:ojzP1Z+2QtioaF8DTtO8K5q7JWVVYwZKenzujK0Zd0E=
gonum.org/v1/gonum v0.17.0 h1:VbpOemQlsSMrYmn7T2OUvQ4dqxQXU+ouZFQsZOx50z4=
gonum.org/v1/gonum v0.17.0/go.mod h1:El3tOrEuMpv2UdMrbNlKEh9vd86bmQ6vqIcDwxEOc1E=
google.golang.org/genproto/googleapis/api v0.0.0-20260928230214-8a89bd6388cc h1:rZHRz0ogq4Pid1IKtA/ivHi8XONVF5tqUQXA2TtgpkE=
google.golang.org/genproto/googleapis/api v0.0.0-20260928230214-8a89bd6388cc/go.mod h1:K/n0XLazCJHjD73YuMyNJsN38BPPy1kfFnKxUXaThFU=
google.golang.org/genproto/googleapis/rpc v0.0.0-20261005182115-fad411399dd8 h1:0SXBqli5dnuCKMjI/X3FM226zEaEa0GUcSCJtN1vL2o=
google.golang.org/genproto/googleapis/rpc v0.0.0-20261005182115-fad411399dd8/go.mod h1:OaIUM3+LpYcK2GXM4FTmhWoIq371Owdr+Cc7/BsYHHc=
google.golang.org/grpc v1.84.0 h1:soMyaPJ8pAak5PIQ0DGBUir0XRo2fRoMqhNWMLlLxO0=
google.golang.org/grpc v1.84.0/go.mod h1:ljCht0DrxQrXBDRTZp52Qxh3Ffk8CdYm2sj4O2QN2C0=
google.golang.org/protobuf v1.36.12 h1:pJOKDDOyeXErUroCihFAd5LQuwXBSpVnKGrj5o/fwxc=
google.golang.org/protobuf v1.36.12/go.mod h1:HTf+CrKn2C3g5S8VImy6tdcUvCska2kB7j23XfzDpco=
